
Microsoft Visual Studio Solution File, Format Version 12.00
# Visual Studio 15
VisualStudioVersion = 15.0.27130.2026
MinimumVisualStudioVersion = 10.0.40219.1
Project("{2150E333-8FDC-42A3-9474-1A3956D46DE8}") = "1. Dominio", "1. Dominio", "{EF68D30B-A8DD-4F7A-9AB6-017BE6F7E7BD}"
EndProject
Project("{2150E333-8FDC-42A3-9474-1A3956D46DE8}") = "2. Infraestrutura", "2. Infraestrutura", "{F76B3A32-4438-46F9-AC92-30EAE3A7C97F}"
EndProject
Project("{2150E333-8FDC-42A3-9474-1A3956D46DE8}") = "3. Interface", "3. Interface", "{DB474CB2-64EC-4DA6-9ABC-BA49A487CB92}"
EndProject
Project("{FAE04EC0-301F-11D3-BF4B-00C04F79EFBC}") = "Auth.Domain", "Auth.Domain\Auth.Domain.csproj", "{FDDC8098-8576-4ED9-9155-E7462597F981}"
EndProject
Project("{FAE04EC0-301F-11D3-BF4B-00C04F79EFBC}") = "Resolver", "Resolver\Resolver.csproj", "{C5460672-784D-491C-B342-4FB9EA41F6CE}"
EndProject
Project("{FAE04EC0-301F-11D3-BF4B-00C04F79EFBC}") = "CrossCutting", "CrossCutting\CrossCutting.csproj", "{DCE379BB-3FEE-41E0-9849-AD386968E461}"
EndProject
Project("{2150E333-8FDC-42A3-9474-1A3956D46DE8}") = "2.2 Auth", "2.2 Auth", "{6A08B212-88DD-413B-90E7-E6B3A8041FDF}"
EndProject
Project("{FAE04EC0-301F-11D3-BF4B-00C04F79EFBC}") = "Auth.Services", "Auth.Services\Auth.Services.csproj", "{355AF859-E1F1-4278-AC57-45A3C230C6BA}"
EndProject
Project("{FAE04EC0-301F-11D3-BF4B-00C04F79EFBC}") = "Auth.Repositories", "Auth.Repositories\Auth.Repositories.csproj", "{14E9B1F1-2CEA-4715-8748-23ABCEE41EDC}"
EndProject
Project("{FAE04EC0-301F-11D3-BF4B-00C04F79EFBC}") = "Core.Domain", "Core.Domain\Core.Domain.csproj", "{C9E9F537-AE8C-4868-895F-D7B63F90C99B}"
EndProject
Project("{FAE04EC0-301F-11D3-BF4B-00C04F79EFBC}") = "WebApi", "WebApi\WebApi.csproj", "{2277E4DB-7391-4E47-887A-0B1FEB26372C}"
EndProject
Project("{2150E333-8FDC-42A3-9474-1A3956D46DE8}") = "2.1 Actions", "2.1 Actions", "{4D823A10-F539-4779-B5FF-82C2C1BC2E02}"
EndProject
Project("{FAE04EC0-301F-11D3-BF4B-00C04F79EFBC}") = "Actions.Services", "Acoes.Services\Actions.Services.csproj", "{C433F85A-FA6E-4A29-89C4-B811B36A82F6}"
EndProject
Project("{FAE04EC0-301F-11D3-BF4B-00C04F79EFBC}") = "Actions.Domain", "Acoes.Domain\Actions.Domain.csproj", "{C41463F5-57C2-4224-ACBE-C1AC50299B8E}"
EndProject
Project("{FAE04EC0-301F-11D3-BF4B-00C04F79EFBC}") = "Actions.Repositories", "Acoes.Repositories\Actions.Repositories.csproj", "{581C3767-8C14-4D63-BAC8-97C117AADF0C}"
EndProject
Project("{2150E333-8FDC-42A3-9474-1A3956D46DE8}") = "2.3 DataBase", "2.3 DataBase", "{6D4EC040-F43C-4997-A943-B17DF954E2D1}"
EndProject
Project("{FAE04EC0-301F-11D3-BF4B-00C04F79EFBC}") = "LocalData", "LocalData\LocalData.csproj", "{7D908E2B-FDF3-484F-B7FA-A2FB2F7533DF}"
EndProject
Global
	GlobalSection(SolutionConfigurationPlatforms) = preSolution
		Debug|Any CPU = Debug|Any CPU
		Release|Any CPU = Release|Any CPU
	EndGlobalSection
	GlobalSection(ProjectConfigurationPlatforms) = postSolution
		{FDDC8098-8576-4ED9-9155-E7462597F981}.Debug|Any CPU.ActiveCfg = Debug|Any CPU
		{FDDC8098-8576-4ED9-9155-E7462597F981}.Debug|Any CPU.Build.0 = Debug|Any CPU
		{FDDC8098-8576-4ED9-9155-E7462597F981}.Release|Any CPU.ActiveCfg = Release|Any CPU
		{FDDC8098-8576-4ED9-9155-E7462597F981}.Release|Any CPU.Build.0 = Release|Any CPU
		{C5460672-784D-491C-B342-4FB9EA41F6CE}.Debug|Any CPU.ActiveCfg = Debug|Any CPU
		{C5460672-784D-491C-B342-4FB9EA41F6CE}.Debug|Any CPU.Build.0 = Debug|Any CPU
		{C5460672-784D-491C-B342-4FB9EA41F6CE}.Release|Any CPU.ActiveCfg = Release|Any CPU
		{C5460672-784D-491C-B342-4FB9EA41F6CE}.Release|Any CPU.Build.0 = Release|Any CPU
		{DCE379BB-3FEE-41E0-9849-AD386968E461}.Debug|Any CPU.ActiveCfg = Debug|Any CPU
		{DCE379BB-3FEE-41E0-9849-AD386968E461}.Debug|Any CPU.Build.0 = Debug|Any CPU
		{DCE379BB-3FEE-41E0-9849-AD386968E461}.Release|Any CPU.ActiveCfg = Release|Any CPU
		{DCE379BB-3FEE-41E0-9849-AD386968E461}.Release|Any CPU.Build.0 = Release|Any CPU
		{355AF859-E1F1-4278-AC57-45A3C230C6BA}.Debug|Any CPU.ActiveCfg = Debug|Any CPU
		{355AF859-E1F1-4278-AC57-45A3C230C6BA}.Debug|Any CPU.Build.0 = Debug|Any CPU
		{355AF859-E1F1-4278-AC57-45A3C230C6BA}.Release|Any CPU.ActiveCfg = Release|Any CPU
		{355AF859-E1F1-4278-AC57-45A3C230C6BA}.Release|Any CPU.Build.0 = Release|Any CPU
		{14E9B1F1-2CEA-4715-8748-23ABCEE41EDC}.Debug|Any CPU.ActiveCfg = Debug|Any CPU
		{14E9B1F1-2CEA-4715-8748-23ABCEE41EDC}.Debug|Any CPU.Build.0 = Debug|Any CPU
		{14E9B1F1-2CEA-4715-8748-23ABCEE41EDC}.Release|Any CPU.ActiveCfg = Release|Any CPU
		{14E9B1F1-2CEA-4715-8748-23ABCEE41EDC}.Release|Any CPU.Build.0 = Release|Any CPU
		{C9E9F537-AE8C-4868-895F-D7B63F90C99B}.Debug|Any CPU.ActiveCfg = Debug|Any CPU
		{C9E9F537-AE8C-4868-895F-D7B63F90C99B}.Debug|Any CPU.Build.0 = Debug|Any CPU
		{C9E9F537-AE8C-4868-895F-D7B63F90C99B}.Release|Any CPU.ActiveCfg = Release|Any CPU
		{C9E9F537-AE8C-4868-895F-D7B63F90C99B}.Release|Any CPU.Build.0 = Release|Any CPU
		{2277E4DB-7391-4E47-887A-0B1FEB26372C}.Debug|Any CPU.ActiveCfg = Debug|Any CPU
		{2277E4DB-7391-4E47-887A-0B1FEB26372C}.Debug|Any CPU.Build.0 = Debug|Any CPU
		{2277E4DB-7391-4E47-887A-0B1FEB26372C}.Release|Any CPU.ActiveCfg = Release|Any CPU
		{2277E4DB-7391-4E47-887A-0B1FEB26372C}.Release|Any CPU.Build.0 = Release|Any CPU
		{C433F85A-FA6E-4A29-89C4-B811B36A82F6}.Debug|Any CPU.ActiveCfg = Debug|Any CPU
		{C433F85A-FA6E-4A29-89C4-B811B36A82F6}.Debug|Any CPU.Build.0 = Debug|Any CPU
		{C433F85A-FA6E-4A29-89C4-B811B36A82F6}.Release|Any CPU.ActiveCfg = Release|Any CPU
		{C433F85A-FA6E-4A29-89C4-B811B36A82F6}.Release|Any CPU.Build.0 = Release|Any CPU
		{C41463F5-57C2-4224-ACBE-C1AC50299B8E}.Debug|Any CPU.ActiveCfg = Debug|Any CPU
		{C41463F5-57C2-4224-ACBE-C1AC50299B8E}.Debug|Any CPU.Build.0 = Debug|Any CPU
		{C41463F5-57C2-4224-ACBE-C1AC50299B8E}.Release|Any CPU.ActiveCfg = Release|Any CPU
		{C41463F5-57C2-4224-ACBE-C1AC50299B8E}.Release|Any CPU.Build.0 = Release|Any CPU
		{581C3767-8C14-4D63-BAC8-97C117AADF0C}.Debug|Any CPU.ActiveCfg = Debug|Any CPU
		{581C3767-8C14-4D63-BAC8-97C117AADF0C}.Debug|Any CPU.Build.0 = Debug|Any CPU
		{581C3767-8C14-4D63-BAC8-97C117AADF0C}.Release|Any CPU.ActiveCfg = Release|Any CPU
		{581C3767-8C14-4D63-BAC8-97C117AADF0C}.Release|Any CPU.Build.0 = Release|Any CPU
		{7D908E2B-FDF3-484F-B7FA-A2FB2F7533DF}.Debug|Any CPU.ActiveCfg = Debug|Any CPU
		{7D908E2B-FDF3-484F-B7FA-A2FB2F7533DF}.Debug|Any CPU.Build.0 = Debug|Any CPU
		{7D908E2B-FDF3-484F-B7FA-A2FB2F7533DF}.Release|Any CPU.ActiveCfg = Release|Any CPU
		{7D908E2B-FDF3-484F-B7FA-A2FB2F7533DF}.Release|Any CPU.Build.0 = Release|Any CPU
	EndGlobalSection
	GlobalSection(SolutionProperties) = preSolution
		HideSolutionNode = FALSE
	EndGlobalSection
	GlobalSection(NestedProjects) = preSolution
		{FDDC8098-8576-4ED9-9155-E7462597F981} = {EF68D30B-A8DD-4F7A-9AB6-017BE6F7E7BD}
		{C5460672-784D-491C-B342-4FB9EA41F6CE} = {F76B3A32-4438-46F9-AC92-30EAE3A7C97F}
		{DCE379BB-3FEE-41E0-9849-AD386968E461} = {F76B3A32-4438-46F9-AC92-30EAE3A7C97F}
		{6A08B212-88DD-413B-90E7-E6B3A8041FDF} = {F76B3A32-4438-46F9-AC92-30EAE3A7C97F}
		{355AF859-E1F1-4278-AC57-45A3C230C6BA} = {6A08B212-88DD-413B-90E7-E6B3A8041FDF}
		{14E9B1F1-2CEA-4715-8748-23ABCEE41EDC} = {6A08B212-88DD-413B-90E7-E6B3A8041FDF}
		{C9E9F537-AE8C-4868-895F-D7B63F90C99B} = {EF68D30B-A8DD-4F7A-9AB6-017BE6F7E7BD}
		{2277E4DB-7391-4E47-887A-0B1FEB26372C} = {DB474CB2-64EC-4DA6-9ABC-BA49A487CB92}
		{4D823A10-F539-4779-B5FF-82C2C1BC2E02} = {F76B3A32-4438-46F9-AC92-30EAE3A7C97F}
		{C433F85A-FA6E-4A29-89C4-B811B36A82F6} = {4D823A10-F539-4779-B5FF-82C2C1BC2E02}
		{C41463F5-57C2-4224-ACBE-C1AC50299B8E} = {EF68D30B-A8DD-4F7A-9AB6-017BE6F7E7BD}
		{581C3767-8C14-4D63-BAC8-97C117AADF0C} = {4D823A10-F539-4779-B5FF-82C2C1BC2E02}
		{6D4EC040-F43C-4997-A943-B17DF954E2D1} = {F76B3A32-4438-46F9-AC92-30EAE3A7C97F}
		{7D908E2B-FDF3-484F-B7FA-A2FB2F7533DF} = {6D4EC040-F43C-4997-A943-B17DF954E2D1}
	EndGlobalSection
	GlobalSection(ExtensibilityGlobals) = postSolution
		SolutionGuid = {7727BF87-ACB5-4F50-A03D-40A8FDE772F6}
	EndGlobalSection
EndGlobal
